
Microsoft Visual Studio Solution File, Format Version 12.00
# Visual Studio Version 17
VisualStudioVersion = 17.10.35122.118
MinimumVisualStudioVersion = 10.0.40219.1
Project("{FAE04EC0-301F-11D3-BF4B-00C04F79EFBC}") = "ForOddNumbers", "ForOddNumbers\ForOddNumbers.csproj", "{2CF254D6-1BD3-4C6E-A615-ACA51ABF245C}"
EndProject
Global
	GlobalSection(SolutionConfigurationPlatforms) = preSolution
		Debug|Any CPU = Debug|Any CPU
		Release|Any CPU = Release|Any CPU
	EndGlobalSection
	GlobalSection(ProjectConfigurationPlatforms) = postSolution
		{2CF254D6-1BD3-4C6E-A615-ACA51ABF245C}.Debug|Any CPU.ActiveCfg = Debug|Any CPU
		{2CF254D6-1BD3-4C6E-A615-ACA51ABF245C}.Debug|Any CPU.Build.0 = Debug|Any CPU
		{2CF254D6-1BD3-4C6E-A615-ACA51ABF245C}.Release|Any CPU.ActiveCfg = Release|Any CPU
		{2CF254D6-1BD3-4C6E-A615-ACA51ABF245C}.Release|Any CPU.Build.0 = Release|Any CPU
	EndGlobalSection
	GlobalSection(SolutionProperties) = preSolution
		HideSolutionNode = FALSE
	EndGlobalSection
	GlobalSection(ExtensibilityGlobals) = postSolution
		SolutionGuid = {180FFF65-F972-4718-8A07-F61E22168C08}
	EndGlobalSection
EndGlobal
