
Microsoft Visual Studio Solution File, Format Version 12.00
# Visual Studio Version 17
VisualStudioVersion = 17.10.35122.118
MinimumVisualStudioVersion = 10.0.40219.1
Project("{FAE04EC0-301F-11D3-BF4B-00C04F79EFBC}") = "TriangleForLoop", "TriangleForLoop\TriangleForLoop.csproj", "{2094F01C-6448-4CB3-980C-193A52048EB6}"
EndProject
Global
	GlobalSection(SolutionConfigurationPlatforms) = preSolution
		Debug|Any CPU = Debug|Any CPU
		Release|Any CPU = Release|Any CPU
	EndGlobalSection
	GlobalSection(ProjectConfigurationPlatforms) = postSolution
		{2094F01C-6448-4CB3-980C-193A52048EB6}.Debug|Any CPU.ActiveCfg = Debug|Any CPU
		{2094F01C-6448-4CB3-980C-193A52048EB6}.Debug|Any CPU.Build.0 = Debug|Any CPU
		{2094F01C-6448-4CB3-980C-193A52048EB6}.Release|Any CPU.ActiveCfg = Release|Any CPU
		{2094F01C-6448-4CB3-980C-193A52048EB6}.Release|Any CPU.Build.0 = Release|Any CPU
	EndGlobalSection
	GlobalSection(SolutionProperties) = preSolution
		HideSolutionNode = FALSE
	EndGlobalSection
	GlobalSection(ExtensibilityGlobals) = postSolution
		SolutionGuid = {AA03BF68-0515-42F3-9AC2-574CD911FC87}
	EndGlobalSection
EndGlobal
