
Microsoft Visual Studio Solution File, Format Version 12.00
# Visual Studio Version 17
VisualStudioVersion = 17.10.35122.118
MinimumVisualStudioVersion = 10.0.40219.1
Project("{FAE04EC0-301F-11D3-BF4B-00C04F79EFBC}") = "ForLoopTriangle3", "ForLoopTriangle3\ForLoopTriangle3.csproj", "{AEB6B81D-FA25-4501-AA4F-EA313318AA9B}"
EndProject
Global
	GlobalSection(SolutionConfigurationPlatforms) = preSolution
		Debug|Any CPU = Debug|Any CPU
		Release|Any CPU = Release|Any CPU
	EndGlobalSection
	GlobalSection(ProjectConfigurationPlatforms) = postSolution
		{AEB6B81D-FA25-4501-AA4F-EA313318AA9B}.Debug|Any CPU.ActiveCfg = Debug|Any CPU
		{AEB6B81D-FA25-4501-AA4F-EA313318AA9B}.Debug|Any CPU.Build.0 = Debug|Any CPU
		{AEB6B81D-FA25-4501-AA4F-EA313318AA9B}.Release|Any CPU.ActiveCfg = Release|Any CPU
		{AEB6B81D-FA25-4501-AA4F-EA313318AA9B}.Release|Any CPU.Build.0 = Release|Any CPU
	EndGlobalSection
	GlobalSection(SolutionProperties) = preSolution
		HideSolutionNode = FALSE
	EndGlobalSection
	GlobalSection(ExtensibilityGlobals) = postSolution
		SolutionGuid = {F1E70EAF-BDEF-4092-9C66-47F409D0414D}
	EndGlobalSection
EndGlobal
