
Microsoft Visual Studio Solution File, Format Version 12.00
# Visual Studio Version 17
VisualStudioVersion = 17.10.35122.118
MinimumVisualStudioVersion = 10.0.40219.1
Project("{FAE04EC0-301F-11D3-BF4B-00C04F79EFBC}") = "ForTriangleNumber", "ForTriangleNumber\ForTriangleNumber.csproj", "{2C1E3A73-E1B5-4547-83CB-71E30349DEF9}"
EndProject
Global
	GlobalSection(SolutionConfigurationPlatforms) = preSolution
		Debug|Any CPU = Debug|Any CPU
		Release|Any CPU = Release|Any CPU
	EndGlobalSection
	GlobalSection(ProjectConfigurationPlatforms) = postSolution
		{2C1E3A73-E1B5-4547-83CB-71E30349DEF9}.Debug|Any CPU.ActiveCfg = Debug|Any CPU
		{2C1E3A73-E1B5-4547-83CB-71E30349DEF9}.Debug|Any CPU.Build.0 = Debug|Any CPU
		{2C1E3A73-E1B5-4547-83CB-71E30349DEF9}.Release|Any CPU.ActiveCfg = Release|Any CPU
		{2C1E3A73-E1B5-4547-83CB-71E30349DEF9}.Release|Any CPU.Build.0 = Release|Any CPU
	EndGlobalSection
	GlobalSection(SolutionProperties) = preSolution
		HideSolutionNode = FALSE
	EndGlobalSection
	GlobalSection(ExtensibilityGlobals) = postSolution
		SolutionGuid = {442C13AD-A1A3-4AA2-AA98-275A43322807}
	EndGlobalSection
EndGlobal
