
Microsoft Visual Studio Solution File, Format Version 12.00
# Visual Studio Version 17
VisualStudioVersion = 17.10.35122.118
MinimumVisualStudioVersion = 10.0.40219.1
Project("{FAE04EC0-301F-11D3-BF4B-00C04F79EFBC}") = "TryCatchSwitch", "TryCatchSwitch\TryCatchSwitch.csproj", "{7A196C99-EF8B-42D4-B9EA-AE110ADF1CD3}"
EndProject
Global
	GlobalSection(SolutionConfigurationPlatforms) = preSolution
		Debug|Any CPU = Debug|Any CPU
		Release|Any CPU = Release|Any CPU
	EndGlobalSection
	GlobalSection(ProjectConfigurationPlatforms) = postSolution
		{7A196C99-EF8B-42D4-B9EA-AE110ADF1CD3}.Debug|Any CPU.ActiveCfg = Debug|Any CPU
		{7A196C99-EF8B-42D4-B9EA-AE110ADF1CD3}.Debug|Any CPU.Build.0 = Debug|Any CPU
		{7A196C99-EF8B-42D4-B9EA-AE110ADF1CD3}.Release|Any CPU.ActiveCfg = Release|Any CPU
		{7A196C99-EF8B-42D4-B9EA-AE110ADF1CD3}.Release|Any CPU.Build.0 = Release|Any CPU
	EndGlobalSection
	GlobalSection(SolutionProperties) = preSolution
		HideSolutionNode = FALSE
	EndGlobalSection
	GlobalSection(ExtensibilityGlobals) = postSolution
		SolutionGuid = {ECACA2F8-2C06-4136-9A0E-63127C14F016}
	EndGlobalSection
EndGlobal
