
Microsoft Visual Studio Solution File, Format Version 12.00
# Visual Studio Version 17
VisualStudioVersion = 17.10.35122.118
MinimumVisualStudioVersion = 10.0.40219.1
Project("{FAE04EC0-301F-11D3-BF4B-00C04F79EFBC}") = "SwitchDayOfWeek", "SwitchDayOfWeek\SwitchDayOfWeek.csproj", "{B3D79F4F-F0A6-4542-B8FA-238E097BED2F}"
EndProject
Global
	GlobalSection(SolutionConfigurationPlatforms) = preSolution
		Debug|Any CPU = Debug|Any CPU
		Release|Any CPU = Release|Any CPU
	EndGlobalSection
	GlobalSection(ProjectConfigurationPlatforms) = postSolution
		{B3D79F4F-F0A6-4542-B8FA-238E097BED2F}.Debug|Any CPU.ActiveCfg = Debug|Any CPU
		{B3D79F4F-F0A6-4542-B8FA-238E097BED2F}.Debug|Any CPU.Build.0 = Debug|Any CPU
		{B3D79F4F-F0A6-4542-B8FA-238E097BED2F}.Release|Any CPU.ActiveCfg = Release|Any CPU
		{B3D79F4F-F0A6-4542-B8FA-238E097BED2F}.Release|Any CPU.Build.0 = Release|Any CPU
	EndGlobalSection
	GlobalSection(SolutionProperties) = preSolution
		HideSolutionNode = FALSE
	EndGlobalSection
	GlobalSection(ExtensibilityGlobals) = postSolution
		SolutionGuid = {D1F4C0EE-9E1B-4DBB-A874-CFEFFAB0BCD6}
	EndGlobalSection
EndGlobal
