
Microsoft Visual Studio Solution File, Format Version 12.00
# Visual Studio Version 17
VisualStudioVersion = 17.10.35122.118
MinimumVisualStudioVersion = 10.0.40219.1
Project("{FAE04EC0-301F-11D3-BF4B-00C04F79EFBC}") = "SwitchColor", "SwitchColor\SwitchColor.csproj", "{679CAA67-8232-41E0-9462-8F320AEFD486}"
EndProject
Global
	GlobalSection(SolutionConfigurationPlatforms) = preSolution
		Debug|Any CPU = Debug|Any CPU
		Release|Any CPU = Release|Any CPU
	EndGlobalSection
	GlobalSection(ProjectConfigurationPlatforms) = postSolution
		{679CAA67-8232-41E0-9462-8F320AEFD486}.Debug|Any CPU.ActiveCfg = Debug|Any CPU
		{679CAA67-8232-41E0-9462-8F320AEFD486}.Debug|Any CPU.Build.0 = Debug|Any CPU
		{679CAA67-8232-41E0-9462-8F320AEFD486}.Release|Any CPU.ActiveCfg = Release|Any CPU
		{679CAA67-8232-41E0-9462-8F320AEFD486}.Release|Any CPU.Build.0 = Release|Any CPU
	EndGlobalSection
	GlobalSection(SolutionProperties) = preSolution
		HideSolutionNode = FALSE
	EndGlobalSection
	GlobalSection(ExtensibilityGlobals) = postSolution
		SolutionGuid = {00D4B1C9-D093-4FA2-9D53-AD7FF60F6274}
	EndGlobalSection
EndGlobal
