
Microsoft Visual Studio Solution File, Format Version 12.00
# Visual Studio Version 17
VisualStudioVersion = 17.10.35122.118
MinimumVisualStudioVersion = 10.0.40219.1
Project("{FAE04EC0-301F-11D3-BF4B-00C04F79EFBC}") = "Stopwatch2", "Stopwatch2\Stopwatch2.csproj", "{BC93B386-C571-4BBD-B06F-1753D933B7CB}"
EndProject
Global
	GlobalSection(SolutionConfigurationPlatforms) = preSolution
		Debug|Any CPU = Debug|Any CPU
		Release|Any CPU = Release|Any CPU
	EndGlobalSection
	GlobalSection(ProjectConfigurationPlatforms) = postSolution
		{BC93B386-C571-4BBD-B06F-1753D933B7CB}.Debug|Any CPU.ActiveCfg = Debug|Any CPU
		{BC93B386-C571-4BBD-B06F-1753D933B7CB}.Debug|Any CPU.Build.0 = Debug|Any CPU
		{BC93B386-C571-4BBD-B06F-1753D933B7CB}.Release|Any CPU.ActiveCfg = Release|Any CPU
		{BC93B386-C571-4BBD-B06F-1753D933B7CB}.Release|Any CPU.Build.0 = Release|Any CPU
	EndGlobalSection
	GlobalSection(SolutionProperties) = preSolution
		HideSolutionNode = FALSE
	EndGlobalSection
	GlobalSection(ExtensibilityGlobals) = postSolution
		SolutionGuid = {E1485FE0-8ACC-4B00-B126-034C27A096DA}
	EndGlobalSection
EndGlobal
