
Microsoft Visual Studio Solution File, Format Version 12.00
# Visual Studio Version 17
VisualStudioVersion = 17.10.35122.118
MinimumVisualStudioVersion = 10.0.40219.1
Project("{FAE04EC0-301F-11D3-BF4B-00C04F79EFBC}") = "ForSquare", "ForSquare\ForSquare.csproj", "{71C3612A-3367-454F-97CC-349EC51370C0}"
EndProject
Global
	GlobalSection(SolutionConfigurationPlatforms) = preSolution
		Debug|Any CPU = Debug|Any CPU
		Release|Any CPU = Release|Any CPU
	EndGlobalSection
	GlobalSection(ProjectConfigurationPlatforms) = postSolution
		{71C3612A-3367-454F-97CC-349EC51370C0}.Debug|Any CPU.ActiveCfg = Debug|Any CPU
		{71C3612A-3367-454F-97CC-349EC51370C0}.Debug|Any CPU.Build.0 = Debug|Any CPU
		{71C3612A-3367-454F-97CC-349EC51370C0}.Release|Any CPU.ActiveCfg = Release|Any CPU
		{71C3612A-3367-454F-97CC-349EC51370C0}.Release|Any CPU.Build.0 = Release|Any CPU
	EndGlobalSection
	GlobalSection(SolutionProperties) = preSolution
		HideSolutionNode = FALSE
	EndGlobalSection
	GlobalSection(ExtensibilityGlobals) = postSolution
		SolutionGuid = {8D8065BD-0DAB-40BC-9798-D3121DA66163}
	EndGlobalSection
EndGlobal
