
Microsoft Visual Studio Solution File, Format Version 12.00
# Visual Studio Version 17
VisualStudioVersion = 17.10.35122.118
MinimumVisualStudioVersion = 10.0.40219.1
Project("{FAE04EC0-301F-11D3-BF4B-00C04F79EFBC}") = "SalaryCalculator", "SalaryCalculator\SalaryCalculator.csproj", "{55EC6CE1-F20F-4843-A344-6D29A8978F4A}"
EndProject
Global
	GlobalSection(SolutionConfigurationPlatforms) = preSolution
		Debug|Any CPU = Debug|Any CPU
		Release|Any CPU = Release|Any CPU
	EndGlobalSection
	GlobalSection(ProjectConfigurationPlatforms) = postSolution
		{55EC6CE1-F20F-4843-A344-6D29A8978F4A}.Debug|Any CPU.ActiveCfg = Debug|Any CPU
		{55EC6CE1-F20F-4843-A344-6D29A8978F4A}.Debug|Any CPU.Build.0 = Debug|Any CPU
		{55EC6CE1-F20F-4843-A344-6D29A8978F4A}.Release|Any CPU.ActiveCfg = Release|Any CPU
		{55EC6CE1-F20F-4843-A344-6D29A8978F4A}.Release|Any CPU.Build.0 = Release|Any CPU
	EndGlobalSection
	GlobalSection(SolutionProperties) = preSolution
		HideSolutionNode = FALSE
	EndGlobalSection
	GlobalSection(ExtensibilityGlobals) = postSolution
		SolutionGuid = {614B728D-4A6D-4DB4-A358-8CDA742BE1E7}
	EndGlobalSection
EndGlobal
