
Microsoft Visual Studio Solution File, Format Version 12.00
# Visual Studio Version 17
VisualStudioVersion = 17.10.35122.118
MinimumVisualStudioVersion = 10.0.40219.1
Project("{FAE04EC0-301F-11D3-BF4B-00C04F79EFBC}") = "RandomNumber", "RandomNumber\RandomNumber.csproj", "{AD69E523-B3C0-4F48-9C96-030E8E7DED82}"
EndProject
Global
	GlobalSection(SolutionConfigurationPlatforms) = preSolution
		Debug|Any CPU = Debug|Any CPU
		Release|Any CPU = Release|Any CPU
	EndGlobalSection
	GlobalSection(ProjectConfigurationPlatforms) = postSolution
		{AD69E523-B3C0-4F48-9C96-030E8E7DED82}.Debug|Any CPU.ActiveCfg = Debug|Any CPU
		{AD69E523-B3C0-4F48-9C96-030E8E7DED82}.Debug|Any CPU.Build.0 = Debug|Any CPU
		{AD69E523-B3C0-4F48-9C96-030E8E7DED82}.Release|Any CPU.ActiveCfg = Release|Any CPU
		{AD69E523-B3C0-4F48-9C96-030E8E7DED82}.Release|Any CPU.Build.0 = Release|Any CPU
	EndGlobalSection
	GlobalSection(SolutionProperties) = preSolution
		HideSolutionNode = FALSE
	EndGlobalSection
	GlobalSection(ExtensibilityGlobals) = postSolution
		SolutionGuid = {D6D7E984-C173-4304-9AD8-A028F962199B}
	EndGlobalSection
EndGlobal
